
Microsoft Visual Studio Solution File, Format Version 12.00
# Visual Studio 15
Project("{FAE04EC0-301F-11D3-BF4B-00C04F79EFBC}") = "180527", "180527.csproj", "{B106FAC9-9A35-9D97-B4F4-2FDF16958F94}"
EndProject
Project("{FAE04EC0-301F-11D3-BF4B-00C04F79EFBC}") = "180527.Editor", "180527.Editor.csproj", "{B61AF34E-5F7F-0F49-9E5B-E5EE60F27432}"
EndProject
Global
	GlobalSection(SolutionConfigurationPlatforms) = preSolution
		Debug|Any CPU = Debug|Any CPU
		Release|Any CPU = Release|Any CPU
	EndGlobalSection
	GlobalSection(ProjectConfigurationPlatforms) = postSolution
		{B106FAC9-9A35-9D97-B4F4-2FDF16958F94}.Debug|Any CPU.ActiveCfg = Debug|Any CPU
		{B106FAC9-9A35-9D97-B4F4-2FDF16958F94}.Debug|Any CPU.Build.0 = Debug|Any CPU
		{B106FAC9-9A35-9D97-B4F4-2FDF16958F94}.Release|Any CPU.ActiveCfg = Release|Any CPU
		{B106FAC9-9A35-9D97-B4F4-2FDF16958F94}.Release|Any CPU.Build.0 = Release|Any CPU
		{B61AF34E-5F7F-0F49-9E5B-E5EE60F27432}.Debug|Any CPU.ActiveCfg = Debug|Any CPU
		{B61AF34E-5F7F-0F49-9E5B-E5EE60F27432}.Debug|Any CPU.Build.0 = Debug|Any CPU
		{B61AF34E-5F7F-0F49-9E5B-E5EE60F27432}.Release|Any CPU.ActiveCfg = Release|Any CPU
		{B61AF34E-5F7F-0F49-9E5B-E5EE60F27432}.Release|Any CPU.Build.0 = Release|Any CPU
	EndGlobalSection
	GlobalSection(SolutionProperties) = preSolution
		HideSolutionNode = FALSE
	EndGlobalSection
EndGlobal
