
Microsoft Visual Studio Solution File, Format Version 11.00
# Visual Studio 2010
Project("{FAE04EC0-301F-11D3-BF4B-00C04F79EFBC}") = "180722", "Assembly-CSharp.csproj", "{ED834744-4C57-8742-6D5F-322B1D5762CC}"
EndProject
Global
	GlobalSection(SolutionConfigurationPlatforms) = preSolution
		Debug|Any CPU = Debug|Any CPU
		Release|Any CPU = Release|Any CPU
	EndGlobalSection
	GlobalSection(ProjectConfigurationPlatforms) = postSolution
		{ED834744-4C57-8742-6D5F-322B1D5762CC}.Debug|Any CPU.ActiveCfg = Debug|Any CPU
		{ED834744-4C57-8742-6D5F-322B1D5762CC}.Debug|Any CPU.Build.0 = Debug|Any CPU
		{ED834744-4C57-8742-6D5F-322B1D5762CC}.Release|Any CPU.ActiveCfg = Release|Any CPU
		{ED834744-4C57-8742-6D5F-322B1D5762CC}.Release|Any CPU.Build.0 = Release|Any CPU
	EndGlobalSection
	GlobalSection(SolutionProperties) = preSolution
		HideSolutionNode = FALSE
	EndGlobalSection
	GlobalSection(MonoDevelopProperties) = preSolution
		StartupItem = Assembly-CSharp.csproj
	EndGlobalSection
EndGlobal
